
Microsoft Visual Studio Solution File, Format Version 12.00
Project("{2150E333-8FDC-42A3-9474-1A3956D46DE8}") = "0.Source", "0.Source", "{FB74BBFD-C392-4526-9E51-EE2B11914DC0}"
EndProject
Project("{2150E333-8FDC-42A3-9474-1A3956D46DE8}") = "1.Common", "1.Common", "{3AE7165C-C0D4-48DE-8E13-F668CDA82707}"
EndProject
Project("{2150E333-8FDC-42A3-9474-1A3956D46DE8}") = "2.Presentation Layer", "2.Presentation Layer", "{7F3CA26B-26D2-4271-8902-25C026F3E899}"
EndProject
Project("{2150E333-8FDC-42A3-9474-1A3956D46DE8}") = "3.MicroService", "3.MicroService", "{F8BC70BD-159F-42A7-A152-C5AB086D9EBF}"
EndProject
Project("{2150E333-8FDC-42A3-9474-1A3956D46DE8}") = "4.Test", "4.Test", "{0056D4F0-4A5C-4354-A2B2-A4888ACF5CC4}"
EndProject
Project("{FAE04EC0-301F-11D3-BF4B-00C04F79EFBC}") = "BasePostgreSQLRepositories", "BasePostgreSQLRepositories\BasePostgreSQLRepositories.csproj", "{B9C83B71-D3B7-4C55-BB47-200D2CEC6D7D}"
EndProject
Project("{FAE04EC0-301F-11D3-BF4B-00C04F79EFBC}") = "BaseSQLServerRepository", "BaseSQLServerRepository\BaseSQLServerRepository.csproj", "{9E2C32C1-463A-46B4-9A5F-D5E4B52D8A4C}"
EndProject
Project("{FAE04EC0-301F-11D3-BF4B-00C04F79EFBC}") = "BaseDomains", "BaseDomains\BaseDomains.csproj", "{C414869E-AB8F-47E2-97A3-BF7B1CC6FC5E}"
EndProject
Project("{FAE04EC0-301F-11D3-BF4B-00C04F79EFBC}") = "Common", "Common\Common.csproj", "{96A12B8E-184E-4B08-88AD-FED7E41F8E3D}"
EndProject
Project("{FAE04EC0-301F-11D3-BF4B-00C04F79EFBC}") = "BaseReadModels", "BaseReadModels\BaseReadModels.csproj", "{EB49C938-3C8D-4B20-9189-D89E4034B9E8}"
EndProject
Project("{FAE04EC0-301F-11D3-BF4B-00C04F79EFBC}") = "BaseCommands", "BaseCommands\BaseCommands.csproj", "{FE7F8689-E54A-4A2A-AC5B-3EA9FC929F71}"
EndProject
Project("{FAE04EC0-301F-11D3-BF4B-00C04F79EFBC}") = "Enums", "Enums\Enums.csproj", "{80308E4E-5CB8-4B19-8F10-F8F8BAEC4F5D}"
EndProject
Project("{FAE04EC0-301F-11D3-BF4B-00C04F79EFBC}") = "BaseEvents", "BaseEvents\BaseEvents.csproj", "{AB726A2E-4C86-42ED-B03E-17841B7421B1}"
EndProject
Project("{2150E333-8FDC-42A3-9474-1A3956D46DE8}") = "01.AccountManager", "01.AccountManager", "{B1126D25-79D1-40CB-8698-2F939DBB983C}"
EndProject
Project("{2150E333-8FDC-42A3-9474-1A3956D46DE8}") = "1.Presentation Layer", "1.Presentation Layer", "{25DFE5C2-9099-4AC0-8AFC-11AC7C0693A2}"
EndProject
Project("{2150E333-8FDC-42A3-9474-1A3956D46DE8}") = "2.Domain Layer", "2.Domain Layer", "{12F08A9E-827F-4B6C-AE1E-34573C261A4E}"
EndProject
Project("{2150E333-8FDC-42A3-9474-1A3956D46DE8}") = "3.Data Layer", "3.Data Layer", "{D81574B4-8EEE-4FED-8B36-3C54C7CD3533}"
EndProject
Project("{FAE04EC0-301F-11D3-BF4B-00C04F79EFBC}") = "IAccountRepository", "IAccountRepository\IAccountRepository.csproj", "{24198D4F-CA8D-4BDB-8301-9EB9BD5A0C23}"
EndProject
Project("{FAE04EC0-301F-11D3-BF4B-00C04F79EFBC}") = "AccountRepository", "AccountRepository\AccountRepository.csproj", "{38B31062-3383-4E37-8241-5590F5DA97A1}"
EndProject
Project("{FAE04EC0-301F-11D3-BF4B-00C04F79EFBC}") = "AccountCommands", "AccountCommands\AccountCommands.csproj", "{B0B3E096-B437-45C4-80FC-027B2F331E4F}"
EndProject
Project("{FAE04EC0-301F-11D3-BF4B-00C04F79EFBC}") = "AccountDomains", "AccountDomains\AccountDomains.csproj", "{D1C90BCC-3742-4DE8-899E-4625C89AA1D6}"
EndProject
Project("{FAE04EC0-301F-11D3-BF4B-00C04F79EFBC}") = "AccountReadModels", "AccountReadModels\AccountReadModels.csproj", "{63A984EA-E58E-4A80-8A79-EA99BA3B96DC}"
EndProject
Global
	GlobalSection(SolutionConfigurationPlatforms) = preSolution
		Debug|Any CPU = Debug|Any CPU
		Release|Any CPU = Release|Any CPU
	EndGlobalSection
	GlobalSection(NestedProjects) = preSolution
		{B9C83B71-D3B7-4C55-BB47-200D2CEC6D7D} = {3AE7165C-C0D4-48DE-8E13-F668CDA82707}
		{9E2C32C1-463A-46B4-9A5F-D5E4B52D8A4C} = {3AE7165C-C0D4-48DE-8E13-F668CDA82707}
		{C414869E-AB8F-47E2-97A3-BF7B1CC6FC5E} = {3AE7165C-C0D4-48DE-8E13-F668CDA82707}
		{96A12B8E-184E-4B08-88AD-FED7E41F8E3D} = {3AE7165C-C0D4-48DE-8E13-F668CDA82707}
		{EB49C938-3C8D-4B20-9189-D89E4034B9E8} = {3AE7165C-C0D4-48DE-8E13-F668CDA82707}
		{FE7F8689-E54A-4A2A-AC5B-3EA9FC929F71} = {3AE7165C-C0D4-48DE-8E13-F668CDA82707}
		{80308E4E-5CB8-4B19-8F10-F8F8BAEC4F5D} = {3AE7165C-C0D4-48DE-8E13-F668CDA82707}
		{AB726A2E-4C86-42ED-B03E-17841B7421B1} = {3AE7165C-C0D4-48DE-8E13-F668CDA82707}
		{B1126D25-79D1-40CB-8698-2F939DBB983C} = {F8BC70BD-159F-42A7-A152-C5AB086D9EBF}
		{25DFE5C2-9099-4AC0-8AFC-11AC7C0693A2} = {B1126D25-79D1-40CB-8698-2F939DBB983C}
		{12F08A9E-827F-4B6C-AE1E-34573C261A4E} = {B1126D25-79D1-40CB-8698-2F939DBB983C}
		{D81574B4-8EEE-4FED-8B36-3C54C7CD3533} = {B1126D25-79D1-40CB-8698-2F939DBB983C}
		{24198D4F-CA8D-4BDB-8301-9EB9BD5A0C23} = {D81574B4-8EEE-4FED-8B36-3C54C7CD3533}
		{38B31062-3383-4E37-8241-5590F5DA97A1} = {D81574B4-8EEE-4FED-8B36-3C54C7CD3533}
		{B0B3E096-B437-45C4-80FC-027B2F331E4F} = {12F08A9E-827F-4B6C-AE1E-34573C261A4E}
		{D1C90BCC-3742-4DE8-899E-4625C89AA1D6} = {12F08A9E-827F-4B6C-AE1E-34573C261A4E}
		{63A984EA-E58E-4A80-8A79-EA99BA3B96DC} = {12F08A9E-827F-4B6C-AE1E-34573C261A4E}
	EndGlobalSection
	GlobalSection(ProjectConfigurationPlatforms) = postSolution
		{B9C83B71-D3B7-4C55-BB47-200D2CEC6D7D}.Debug|Any CPU.ActiveCfg = Debug|Any CPU
		{B9C83B71-D3B7-4C55-BB47-200D2CEC6D7D}.Debug|Any CPU.Build.0 = Debug|Any CPU
		{B9C83B71-D3B7-4C55-BB47-200D2CEC6D7D}.Release|Any CPU.ActiveCfg = Release|Any CPU
		{B9C83B71-D3B7-4C55-BB47-200D2CEC6D7D}.Release|Any CPU.Build.0 = Release|Any CPU
		{9E2C32C1-463A-46B4-9A5F-D5E4B52D8A4C}.Debug|Any CPU.ActiveCfg = Debug|Any CPU
		{9E2C32C1-463A-46B4-9A5F-D5E4B52D8A4C}.Debug|Any CPU.Build.0 = Debug|Any CPU
		{9E2C32C1-463A-46B4-9A5F-D5E4B52D8A4C}.Release|Any CPU.ActiveCfg = Release|Any CPU
		{9E2C32C1-463A-46B4-9A5F-D5E4B52D8A4C}.Release|Any CPU.Build.0 = Release|Any CPU
		{C414869E-AB8F-47E2-97A3-BF7B1CC6FC5E}.Debug|Any CPU.ActiveCfg = Debug|Any CPU
		{C414869E-AB8F-47E2-97A3-BF7B1CC6FC5E}.Debug|Any CPU.Build.0 = Debug|Any CPU
		{C414869E-AB8F-47E2-97A3-BF7B1CC6FC5E}.Release|Any CPU.ActiveCfg = Release|Any CPU
		{C414869E-AB8F-47E2-97A3-BF7B1CC6FC5E}.Release|Any CPU.Build.0 = Release|Any CPU
		{96A12B8E-184E-4B08-88AD-FED7E41F8E3D}.Debug|Any CPU.ActiveCfg = Debug|Any CPU
		{96A12B8E-184E-4B08-88AD-FED7E41F8E3D}.Debug|Any CPU.Build.0 = Debug|Any CPU
		{96A12B8E-184E-4B08-88AD-FED7E41F8E3D}.Release|Any CPU.ActiveCfg = Release|Any CPU
		{96A12B8E-184E-4B08-88AD-FED7E41F8E3D}.Release|Any CPU.Build.0 = Release|Any CPU
		{EB49C938-3C8D-4B20-9189-D89E4034B9E8}.Debug|Any CPU.ActiveCfg = Debug|Any CPU
		{EB49C938-3C8D-4B20-9189-D89E4034B9E8}.Debug|Any CPU.Build.0 = Debug|Any CPU
		{EB49C938-3C8D-4B20-9189-D89E4034B9E8}.Release|Any CPU.ActiveCfg = Release|Any CPU
		{EB49C938-3C8D-4B20-9189-D89E4034B9E8}.Release|Any CPU.Build.0 = Release|Any CPU
		{FE7F8689-E54A-4A2A-AC5B-3EA9FC929F71}.Debug|Any CPU.ActiveCfg = Debug|Any CPU
		{FE7F8689-E54A-4A2A-AC5B-3EA9FC929F71}.Debug|Any CPU.Build.0 = Debug|Any CPU
		{FE7F8689-E54A-4A2A-AC5B-3EA9FC929F71}.Release|Any CPU.ActiveCfg = Release|Any CPU
		{FE7F8689-E54A-4A2A-AC5B-3EA9FC929F71}.Release|Any CPU.Build.0 = Release|Any CPU
		{80308E4E-5CB8-4B19-8F10-F8F8BAEC4F5D}.Debug|Any CPU.ActiveCfg = Debug|Any CPU
		{80308E4E-5CB8-4B19-8F10-F8F8BAEC4F5D}.Debug|Any CPU.Build.0 = Debug|Any CPU
		{80308E4E-5CB8-4B19-8F10-F8F8BAEC4F5D}.Release|Any CPU.ActiveCfg = Release|Any CPU
		{80308E4E-5CB8-4B19-8F10-F8F8BAEC4F5D}.Release|Any CPU.Build.0 = Release|Any CPU
		{AB726A2E-4C86-42ED-B03E-17841B7421B1}.Debug|Any CPU.ActiveCfg = Debug|Any CPU
		{AB726A2E-4C86-42ED-B03E-17841B7421B1}.Debug|Any CPU.Build.0 = Debug|Any CPU
		{AB726A2E-4C86-42ED-B03E-17841B7421B1}.Release|Any CPU.ActiveCfg = Release|Any CPU
		{AB726A2E-4C86-42ED-B03E-17841B7421B1}.Release|Any CPU.Build.0 = Release|Any CPU
		{24198D4F-CA8D-4BDB-8301-9EB9BD5A0C23}.Debug|Any CPU.ActiveCfg = Debug|Any CPU
		{24198D4F-CA8D-4BDB-8301-9EB9BD5A0C23}.Debug|Any CPU.Build.0 = Debug|Any CPU
		{24198D4F-CA8D-4BDB-8301-9EB9BD5A0C23}.Release|Any CPU.ActiveCfg = Release|Any CPU
		{24198D4F-CA8D-4BDB-8301-9EB9BD5A0C23}.Release|Any CPU.Build.0 = Release|Any CPU
		{38B31062-3383-4E37-8241-5590F5DA97A1}.Debug|Any CPU.ActiveCfg = Debug|Any CPU
		{38B31062-3383-4E37-8241-5590F5DA97A1}.Debug|Any CPU.Build.0 = Debug|Any CPU
		{38B31062-3383-4E37-8241-5590F5DA97A1}.Release|Any CPU.ActiveCfg = Release|Any CPU
		{38B31062-3383-4E37-8241-5590F5DA97A1}.Release|Any CPU.Build.0 = Release|Any CPU
		{B0B3E096-B437-45C4-80FC-027B2F331E4F}.Debug|Any CPU.ActiveCfg = Debug|Any CPU
		{B0B3E096-B437-45C4-80FC-027B2F331E4F}.Debug|Any CPU.Build.0 = Debug|Any CPU
		{B0B3E096-B437-45C4-80FC-027B2F331E4F}.Release|Any CPU.ActiveCfg = Release|Any CPU
		{B0B3E096-B437-45C4-80FC-027B2F331E4F}.Release|Any CPU.Build.0 = Release|Any CPU
		{D1C90BCC-3742-4DE8-899E-4625C89AA1D6}.Debug|Any CPU.ActiveCfg = Debug|Any CPU
		{D1C90BCC-3742-4DE8-899E-4625C89AA1D6}.Debug|Any CPU.Build.0 = Debug|Any CPU
		{D1C90BCC-3742-4DE8-899E-4625C89AA1D6}.Release|Any CPU.ActiveCfg = Release|Any CPU
		{D1C90BCC-3742-4DE8-899E-4625C89AA1D6}.Release|Any CPU.Build.0 = Release|Any CPU
		{63A984EA-E58E-4A80-8A79-EA99BA3B96DC}.Debug|Any CPU.ActiveCfg = Debug|Any CPU
		{63A984EA-E58E-4A80-8A79-EA99BA3B96DC}.Debug|Any CPU.Build.0 = Debug|Any CPU
		{63A984EA-E58E-4A80-8A79-EA99BA3B96DC}.Release|Any CPU.ActiveCfg = Release|Any CPU
		{63A984EA-E58E-4A80-8A79-EA99BA3B96DC}.Release|Any CPU.Build.0 = Release|Any CPU
	EndGlobalSection
EndGlobal
